// !$*UTF8*$!
{
	archiveVersion = 1;
	classes = {
	};
	objectVersion = 50;
	objects = {

/* Begin PBXBuildFile section */
		B32C069C23E5B70F0012E8D9 /* RMWorld.swift in Sources */ = {isa = PBXBuildFile; fileRef = B32C069B23E5B70F0012E8D9 /* RMWorld.swift */; };
		B32C069E23E5B8EC0012E8D9 /* RMWorldRequest.swift in Sources */ = {isa = PBXBuildFile; fileRef = B32C069D23E5B8EC0012E8D9 /* RMWorldRequest.swift */; };
		B32C06A023E5B9410012E8D9 /* RMCategory.swift in Sources */ = {isa = PBXBuildFile; fileRef = B32C069F23E5B9410012E8D9 /* RMCategory.swift */; };
		B3500FAA23E58CD300D0BF9D /* AppDelegate.swift in Sources */ = {isa = PBXBuildFile; fileRef = B3500FA923E58CD300D0BF9D /* AppDelegate.swift */; };
		B3500FAC23E58CD300D0BF9D /* SceneDelegate.swift in Sources */ = {isa = PBXBuildFile; fileRef = B3500FAB23E58CD300D0BF9D /* SceneDelegate.swift */; };
		B3500FAE23E58CD300D0BF9D /* RMInfoPageViewController.swift in Sources */ = {isa = PBXBuildFile; fileRef = B3500FAD23E58CD300D0BF9D /* RMInfoPageViewController.swift */; };
		B3500FB123E58CD300D0BF9D /* RMInfo.storyboard in Resources */ = {isa = PBXBuildFile; fileRef = B3500FAF23E58CD300D0BF9D /* RMInfo.storyboard */; };
		B3500FB323E58CD600D0BF9D /* Assets.xcassets in Resources */ = {isa = PBXBuildFile; fileRef = B3500FB223E58CD600D0BF9D /* Assets.xcassets */; };
		B3500FB623E58CD600D0BF9D /* LaunchScreen.storyboard in Resources */ = {isa = PBXBuildFile; fileRef = B3500FB423E58CD600D0BF9D /* LaunchScreen.storyboard */; };
		B3500FC523E59BD700D0BF9D /* APIRequest.swift in Sources */ = {isa = PBXBuildFile; fileRef = B3500FC423E59BD700D0BF9D /* APIRequest.swift */; };
		B3500FC823E59D4800D0BF9D /* HTTPMethod.swift in Sources */ = {isa = PBXBuildFile; fileRef = B3500FC723E59D4800D0BF9D /* HTTPMethod.swift */; };
		B3500FCA23E5A79A00D0BF9D /* Base.storyboard in Resources */ = {isa = PBXBuildFile; fileRef = B3500FC923E5A79A00D0BF9D /* Base.storyboard */; };
		B3680C2523E5A9DF0092BDA3 /* RMInfoTableViewCell.swift in Sources */ = {isa = PBXBuildFile; fileRef = B3680C2323E5A9DF0092BDA3 /* RMInfoTableViewCell.swift */; };
		B3680C2623E5A9DF0092BDA3 /* RMInfoTableViewCell.xib in Resources */ = {isa = PBXBuildFile; fileRef = B3680C2423E5A9DF0092BDA3 /* RMInfoTableViewCell.xib */; };
		B3680C2923E5AA320092BDA3 /* RickAndMortyViewController.swift in Sources */ = {isa = PBXBuildFile; fileRef = B3680C2823E5AA320092BDA3 /* RickAndMortyViewController.swift */; };
		B38B3ACD23E5BDA700AB7D60 /* NetworkAPIClient.swift in Sources */ = {isa = PBXBuildFile; fileRef = B38B3ACC23E5BDA700AB7D60 /* NetworkAPIClient.swift */; };
		B38B3AD023E5C7CD00AB7D60 /* APIResponse.swift in Sources */ = {isa = PBXBuildFile; fileRef = B38B3ACF23E5C7CD00AB7D60 /* APIResponse.swift */; };
		B38B3AD323E5CA2B00AB7D60 /* RMWorldService.swift in Sources */ = {isa = PBXBuildFile; fileRef = B38B3AD223E5CA2B00AB7D60 /* RMWorldService.swift */; };
		B3D90AA723E5FF12005B39A4 /* UIImageView+Extensions.swift in Sources */ = {isa = PBXBuildFile; fileRef = B3D90AA623E5FF12005B39A4 /* UIImageView+Extensions.swift */; };
		B3D90AAE23E60FFE005B39A4 /* UIView+Extensions.swift in Sources */ = {isa = PBXBuildFile; fileRef = B3D90AAD23E60FFE005B39A4 /* UIView+Extensions.swift */; };
		B3D90AB123E620D9005B39A4 /* RMEpisode.swift in Sources */ = {isa = PBXBuildFile; fileRef = B3D90AB023E620D9005B39A4 /* RMEpisode.swift */; };
		B3D90AB323E621A6005B39A4 /* RMEpisodeRequest.swift in Sources */ = {isa = PBXBuildFile; fileRef = B3D90AB223E621A6005B39A4 /* RMEpisodeRequest.swift */; };
/* End PBXBuildFile section */

/* Begin PBXFileReference section */
		B32C069B23E5B70F0012E8D9 /* RMWorld.swift */ = {isa = PBXFileReference; lastKnownFileType = sourcecode.swift; path = RMWorld.swift; sourceTree = "<group>"; };
		B32C069D23E5B8EC0012E8D9 /* RMWorldRequest.swift */ = {isa = PBXFileReference; lastKnownFileType = sourcecode.swift; path = RMWorldRequest.swift; sourceTree = "<group>"; };
		B32C069F23E5B9410012E8D9 /* RMCategory.swift */ = {isa = PBXFileReference; lastKnownFileType = sourcecode.swift; path = RMCategory.swift; sourceTree = "<group>"; };
		B3500FA623E58CD300D0BF9D /* RickAndMorty.app */ = {isa = PBXFileReference; explicitFileType = wrapper.application; includeInIndex = 0; path = RickAndMorty.app; sourceTree = BUILT_PRODUCTS_DIR; };
		B3500FA923E58CD300D0BF9D /* AppDelegate.swift */ = {isa = PBXFileReference; lastKnownFileType = sourcecode.swift; path = AppDelegate.swift; sourceTree = "<group>"; };
		B3500FAB23E58CD300D0BF9D /* SceneDelegate.swift */ = {isa = PBXFileReference; lastKnownFileType = sourcecode.swift; path = SceneDelegate.swift; sourceTree = "<group>"; };
		B3500FAD23E58CD300D0BF9D /* RMInfoPageViewController.swift */ = {isa = PBXFileReference; lastKnownFileType = sourcecode.swift; path = RMInfoPageViewController.swift; sourceTree = "<group>"; };
		B3500FB023E58CD300D0BF9D /* Base */ = {isa = PBXFileReference; lastKnownFileType = file.storyboard; name = Base; path = Base.lproj/RMInfo.storyboard; sourceTree = "<group>"; };
		B3500FB223E58CD600D0BF9D /* Assets.xcassets */ = {isa = PBXFileReference; lastKnownFileType = folder.assetcatalog; path = Assets.xcassets; sourceTree = "<group>"; };
		B3500FB523E58CD600D0BF9D /* Base */ = {isa = PBXFileReference; lastKnownFileType = file.storyboard; name = Base; path = Base.lproj/LaunchScreen.storyboard; sourceTree = "<group>"; };
		B3500FB723E58CD600D0BF9D /* Info.plist */ = {isa = PBXFileReference; lastKnownFileType = text.plist.xml; path = Info.plist; sourceTree = "<group>"; };
		B3500FC423E59BD700D0BF9D /* APIRequest.swift */ = {isa = PBXFileReference; lastKnownFileType = sourcecode.swift; path = APIRequest.swift; sourceTree = "<group>"; };
		B3500FC723E59D4800D0BF9D /* HTTPMethod.swift */ = {isa = PBXFileReference; lastKnownFileType = sourcecode.swift; path = HTTPMethod.swift; sourceTree = "<group>"; };
		B3500FC923E5A79A00D0BF9D /* Base.storyboard */ = {isa = PBXFileReference; lastKnownFileType = file.storyboard; path = Base.storyboard; sourceTree = "<group>"; };
		B3680C2323E5A9DF0092BDA3 /* RMInfoTableViewCell.swift */ = {isa = PBXFileReference; lastKnownFileType = sourcecode.swift; path = RMInfoTableViewCell.swift; sourceTree = "<group>"; };
		B3680C2423E5A9DF0092BDA3 /* RMInfoTableViewCell.xib */ = {isa = PBXFileReference; lastKnownFileType = file.xib; path = RMInfoTableViewCell.xib; sourceTree = "<group>"; };
		B3680C2823E5AA320092BDA3 /* RickAndMortyViewController.swift */ = {isa = PBXFileReference; lastKnownFileType = sourcecode.swift; path = RickAndMortyViewController.swift; sourceTree = "<group>"; };
		B38B3ACC23E5BDA700AB7D60 /* NetworkAPIClient.swift */ = {isa = PBXFileReference; lastKnownFileType = sourcecode.swift; path = NetworkAPIClient.swift; sourceTree = "<group>"; };
		B38B3ACF23E5C7CD00AB7D60 /* APIResponse.swift */ = {isa = PBXFileReference; lastKnownFileType = sourcecode.swift; path = APIResponse.swift; sourceTree = "<group>"; };
		B38B3AD223E5CA2B00AB7D60 /* RMWorldService.swift */ = {isa = PBXFileReference; lastKnownFileType = sourcecode.swift; path = RMWorldService.swift; sourceTree = "<group>"; };
		B3D90AA623E5FF12005B39A4 /* UIImageView+Extensions.swift */ = {isa = PBXFileReference; lastKnownFileType = sourcecode.swift; path = "UIImageView+Extensions.swift"; sourceTree = "<group>"; };
		B3D90AAD23E60FFE005B39A4 /* UIView+Extensions.swift */ = {isa = PBXFileReference; lastKnownFileType = sourcecode.swift; path = "UIView+Extensions.swift"; sourceTree = "<group>"; };
		B3D90AB023E620D9005B39A4 /* RMEpisode.swift */ = {isa = PBXFileReference; lastKnownFileType = sourcecode.swift; path = RMEpisode.swift; sourceTree = "<group>"; };
		B3D90AB223E621A6005B39A4 /* RMEpisodeRequest.swift */ = {isa = PBXFileReference; lastKnownFileType = sourcecode.swift; path = RMEpisodeRequest.swift; sourceTree = "<group>"; };
/* End PBXFileReference section */

/* Begin PBXFrameworksBuildPhase section */
		B3500FA323E58CD300D0BF9D /* Frameworks */ = {
			isa = PBXFrameworksBuildPhase;
			buildActionMask = 2147483647;
			files = (
			);
			runOnlyForDeploymentPostprocessing = 0;
		};
/* End PBXFrameworksBuildPhase section */

/* Begin PBXGroup section */
		B32C069A23E5B6F70012E8D9 /* Model */ = {
			isa = PBXGroup;
			children = (
				B32C069B23E5B70F0012E8D9 /* RMWorld.swift */,
				B3D90AB023E620D9005B39A4 /* RMEpisode.swift */,
			);
			path = Model;
			sourceTree = "<group>";
		};
		B3500F9D23E58CD300D0BF9D = {
			isa = PBXGroup;
			children = (
				B3500FA823E58CD300D0BF9D /* RickAndMorty */,
				B3500FA723E58CD300D0BF9D /* Products */,
			);
			sourceTree = "<group>";
		};
		B3500FA723E58CD300D0BF9D /* Products */ = {
			isa = PBXGroup;
			children = (
				B3500FA623E58CD300D0BF9D /* RickAndMorty.app */,
			);
			name = Products;
			sourceTree = "<group>";
		};
		B3500FA823E58CD300D0BF9D /* RickAndMorty */ = {
			isa = PBXGroup;
			children = (
				B3500FC323E59BC700D0BF9D /* Service */,
				B3500FC123E59B9A00D0BF9D /* Utils */,
				B3500FBE23E59B6D00D0BF9D /* UI */,
				B3500FBD23E59B2100D0BF9D /* Others */,
				B3500FB723E58CD600D0BF9D /* Info.plist */,
			);
			path = RickAndMorty;
			sourceTree = "<group>";
		};
		B3500FBD23E59B2100D0BF9D /* Others */ = {
			isa = PBXGroup;
			children = (
				B3500FAB23E58CD300D0BF9D /* SceneDelegate.swift */,
				B3500FA923E58CD300D0BF9D /* AppDelegate.swift */,
				B3500FB423E58CD600D0BF9D /* LaunchScreen.storyboard */,
			);
			path = Others;
			sourceTree = "<group>";
		};
		B3500FBE23E59B6D00D0BF9D /* UI */ = {
			isa = PBXGroup;
			children = (
				B3500FC023E59B8500D0BF9D /* ViewControllers */,
				B3500FBF23E59B7700D0BF9D /* Storyboards */,
			);
			path = UI;
			sourceTree = "<group>";
		};
		B3500FBF23E59B7700D0BF9D /* Storyboards */ = {
			isa = PBXGroup;
			children = (
				B3500FC923E5A79A00D0BF9D /* Base.storyboard */,
				B3500FAF23E58CD300D0BF9D /* RMInfo.storyboard */,
			);
			path = Storyboards;
			sourceTree = "<group>";
		};
		B3500FC023E59B8500D0BF9D /* ViewControllers */ = {
			isa = PBXGroup;
			children = (
				B3500FCB23E5A8F300D0BF9D /* RMInfoPageViewController */,
			);
			path = ViewControllers;
			sourceTree = "<group>";
		};
		B3500FC123E59B9A00D0BF9D /* Utils */ = {
			isa = PBXGroup;
			children = (
				B3D90AA523E5FF06005B39A4 /* Extensions */,
				B3500FC223E59B9E00D0BF9D /* Recources */,
			);
			path = Utils;
			sourceTree = "<group>";
		};
		B3500FC223E59B9E00D0BF9D /* Recources */ = {
			isa = PBXGroup;
			children = (
				B3500FB223E58CD600D0BF9D /* Assets.xcassets */,
			);
			path = Recources;
			sourceTree = "<group>";
		};
		B3500FC323E59BC700D0BF9D /* Service */ = {
			isa = PBXGroup;
			children = (
				B38B3ACC23E5BDA700AB7D60 /* NetworkAPIClient.swift */,
				B3500FC423E59BD700D0BF9D /* APIRequest.swift */,
				B32C069F23E5B9410012E8D9 /* RMCategory.swift */,
				B38B3ACE23E5C7BF00AB7D60 /* Model */,
			);
			path = Service;
			sourceTree = "<group>";
		};
		B3500FCB23E5A8F300D0BF9D /* RMInfoPageViewController */ = {
			isa = PBXGroup;
			children = (
				B3500FAD23E58CD300D0BF9D /* RMInfoPageViewController.swift */,
				B3680C2723E5AA110092BDA3 /* RickAndMortyViewController */,
			);
			path = RMInfoPageViewController;
			sourceTree = "<group>";
		};
		B3680C2223E5A9D20092BDA3 /* Cells */ = {
			isa = PBXGroup;
			children = (
				B3680C2323E5A9DF0092BDA3 /* RMInfoTableViewCell.swift */,
				B3680C2423E5A9DF0092BDA3 /* RMInfoTableViewCell.xib */,
			);
			path = Cells;
			sourceTree = "<group>";
		};
		B3680C2723E5AA110092BDA3 /* RickAndMortyViewController */ = {
			isa = PBXGroup;
			children = (
				B38B3AD123E5C9FD00AB7D60 /* RickAndMortyService */,
				B32C069A23E5B6F70012E8D9 /* Model */,
				B3680C2223E5A9D20092BDA3 /* Cells */,
				B3680C2823E5AA320092BDA3 /* RickAndMortyViewController.swift */,
			);
			path = RickAndMortyViewController;
			sourceTree = "<group>";
		};
		B38B3ACE23E5C7BF00AB7D60 /* Model */ = {
			isa = PBXGroup;
			children = (
				B3500FC723E59D4800D0BF9D /* HTTPMethod.swift */,
				B38B3ACF23E5C7CD00AB7D60 /* APIResponse.swift */,
			);
			path = Model;
			sourceTree = "<group>";
		};
		B38B3AD123E5C9FD00AB7D60 /* RickAndMortyService */ = {
			isa = PBXGroup;
			children = (
				B32C069D23E5B8EC0012E8D9 /* RMWorldRequest.swift */,
				B3D90AB223E621A6005B39A4 /* RMEpisodeRequest.swift */,
				B38B3AD223E5CA2B00AB7D60 /* RMWorldService.swift */,
			);
			path = RickAndMortyService;
			sourceTree = "<group>";
		};
		B3D90AA523E5FF06005B39A4 /* Extensions */ = {
			isa = PBXGroup;
			children = (
				B3D90AA623E5FF12005B39A4 /* UIImageView+Extensions.swift */,
				B3D90AAD23E60FFE005B39A4 /* UIView+Extensions.swift */,
			);
			path = Extensions;
			sourceTree = "<group>";
		};
/* End PBXGroup section */

/* Begin PBXNativeTarget section */
		B3500FA523E58CD300D0BF9D /* RickAndMorty */ = {
			isa = PBXNativeTarget;
			buildConfigurationList = B3500FBA23E58CD600D0BF9D /* Build configuration list for PBXNativeTarget "RickAndMorty" */;
			buildPhases = (
				B3500FA223E58CD300D0BF9D /* Sources */,
				B3500FA323E58CD300D0BF9D /* Frameworks */,
				B3500FA423E58CD300D0BF9D /* Resources */,
			);
			buildRules = (
			);
			dependencies = (
			);
			name = RickAndMorty;
			productName = RickAndMorty;
			productReference = B3500FA623E58CD300D0BF9D /* RickAndMorty.app */;
			productType = "com.apple.product-type.application";
		};
/* End PBXNativeTarget section */

/* Begin PBXProject section */
		B3500F9E23E58CD300D0BF9D /* Project object */ = {
			isa = PBXProject;
			attributes = {
				LastSwiftUpdateCheck = 1130;
				LastUpgradeCheck = 1130;
				ORGANIZATIONNAME = "GÖKMEN AKAR";
				TargetAttributes = {
					B3500FA523E58CD300D0BF9D = {
						CreatedOnToolsVersion = 11.3.1;
					};
				};
			};
			buildConfigurationList = B3500FA123E58CD300D0BF9D /* Build configuration list for PBXProject "RickAndMorty" */;
			compatibilityVersion = "Xcode 9.3";
			developmentRegion = en;
			hasScannedForEncodings = 0;
			knownRegions = (
				en,
				Base,
			);
			mainGroup = B3500F9D23E58CD300D0BF9D;
			productRefGroup = B3500FA723E58CD300D0BF9D /* Products */;
			projectDirPath = "";
			projectRoot = "";
			targets = (
				B3500FA523E58CD300D0BF9D /* RickAndMorty */,
			);
		};
/* End PBXProject section */

/* Begin PBXResourcesBuildPhase section */
		B3500FA423E58CD300D0BF9D /* Resources */ = {
			isa = PBXResourcesBuildPhase;
			buildActionMask = 2147483647;
			files = (
				B3500FB623E58CD600D0BF9D /* LaunchScreen.storyboard in Resources */,
				B3500FCA23E5A79A00D0BF9D /* Base.storyboard in Resources */,
				B3500FB323E58CD600D0BF9D /* Assets.xcassets in Resources */,
				B3500FB123E58CD300D0BF9D /* RMInfo.storyboard in Resources */,
				B3680C2623E5A9DF0092BDA3 /* RMInfoTableViewCell.xib in Resources */,
			);
			runOnlyForDeploymentPostprocessing = 0;
		};
/* End PBXResourcesBuildPhase section */

/* Begin PBXSourcesBuildPhase section */
		B3500FA223E58CD300D0BF9D /* Sources */ = {
			isa = PBXSourcesBuildPhase;
			buildActionMask = 2147483647;
			files = (
				B3500FAE23E58CD300D0BF9D /* RMInfoPageViewController.swift in Sources */,
				B32C06A023E5B9410012E8D9 /* RMCategory.swift in Sources */,
				B3D90AB123E620D9005B39A4 /* RMEpisode.swift in Sources */,
				B3680C2523E5A9DF0092BDA3 /* RMInfoTableViewCell.swift in Sources */,
				B32C069E23E5B8EC0012E8D9 /* RMWorldRequest.swift in Sources */,
				B3500FAA23E58CD300D0BF9D /* AppDelegate.swift in Sources */,
				B38B3AD023E5C7CD00AB7D60 /* APIResponse.swift in Sources */,
				B3D90AAE23E60FFE005B39A4 /* UIView+Extensions.swift in Sources */,
				B3500FC523E59BD700D0BF9D /* APIRequest.swift in Sources */,
				B3D90AB323E621A6005B39A4 /* RMEpisodeRequest.swift in Sources */,
				B3500FAC23E58CD300D0BF9D /* SceneDelegate.swift in Sources */,
				B3D90AA723E5FF12005B39A4 /* UIImageView+Extensions.swift in Sources */,
				B38B3ACD23E5BDA700AB7D60 /* NetworkAPIClient.swift in Sources */,
				B3500FC823E59D4800D0BF9D /* HTTPMethod.swift in Sources */,
				B38B3AD323E5CA2B00AB7D60 /* RMWorldService.swift in Sources */,
				B3680C2923E5AA320092BDA3 /* RickAndMortyViewController.swift in Sources */,
				B32C069C23E5B70F0012E8D9 /* RMWorld.swift in Sources */,
			);
			runOnlyForDeploymentPostprocessing = 0;
		};
/* End PBXSourcesBuildPhase section */

/* Begin PBXVariantGroup section */
		B3500FAF23E58CD300D0BF9D /* RMInfo.storyboard */ = {
			isa = PBXVariantGroup;
			children = (
				B3500FB023E58CD300D0BF9D /* Base */,
			);
			name = RMInfo.storyboard;
			sourceTree = "<group>";
		};
		B3500FB423E58CD600D0BF9D /* LaunchScreen.storyboard */ = {
			isa = PBXVariantGroup;
			children = (
				B3500FB523E58CD600D0BF9D /* Base */,
			);
			name = LaunchScreen.storyboard;
			sourceTree = "<group>";
		};
/* End PBXVariantGroup section */

/* Begin XCBuildConfiguration section */
		B3500FB823E58CD600D0BF9D /* Debug */ = {
			isa = XCBuildConfiguration;
			buildSettings = {
				ALWAYS_SEARCH_USER_PATHS = NO;
				CLANG_ANALYZER_NONNULL = YES;
				CLANG_ANALYZER_NUMBER_OBJECT_CONVERSION = YES_AGGRESSIVE;
				CLANG_CXX_LANGUAGE_STANDARD = "gnu++14";
				CLANG_CXX_LIBRARY = "libc++";
				CLANG_ENABLE_MODULES = YES;
				CLANG_ENABLE_OBJC_ARC = YES;
				CLANG_ENABLE_OBJC_WEAK = YES;
				CLANG_WARN_BLOCK_CAPTURE_AUTORELEASING = YES;
				CLANG_WARN_BOOL_CONVERSION = YES;
				CLANG_WARN_COMMA = YES;
				CLANG_WARN_CONSTANT_CONVERSION = YES;
				CLANG_WARN_DEPRECATED_OBJC_IMPLEMENTATIONS = YES;
				CLANG_WARN_DIRECT_OBJC_ISA_USAGE = YES_ERROR;
				CLANG_WARN_DOCUMENTATION_COMMENTS = YES;
				CLANG_WARN_EMPTY_BODY = YES;
				CLANG_WARN_ENUM_CONVERSION = YES;
				CLANG_WARN_INFINITE_RECURSION = YES;
				CLANG_WARN_INT_CONVERSION = YES;
				CLANG_WARN_NON_LITERAL_NULL_CONVERSION = YES;
				CLANG_WARN_OBJC_IMPLICIT_RETAIN_SELF = YES;
				CLANG_WARN_OBJC_LITERAL_CONVERSION = YES;
				CLANG_WARN_OBJC_ROOT_CLASS = YES_ERROR;
				CLANG_WARN_RANGE_LOOP_ANALYSIS = YES;
				CLANG_WARN_STRICT_PROTOTYPES = YES;
				CLANG_WARN_SUSPICIOUS_MOVE = YES;
				CLANG_WARN_UNGUARDED_AVAILABILITY = YES_AGGRESSIVE;
				CLANG_WARN_UNREACHABLE_CODE = YES;
				CLANG_WARN__DUPLICATE_METHOD_MATCH = YES;
				COPY_PHASE_STRIP = NO;
				DEBUG_INFORMATION_FORMAT = dwarf;
				ENABLE_STRICT_OBJC_MSGSEND = YES;
				ENABLE_TESTABILITY = YES;
				GCC_C_LANGUAGE_STANDARD = gnu11;
				GCC_DYNAMIC_NO_PIC = NO;
				GCC_NO_COMMON_BLOCKS = YES;
				GCC_OPTIMIZATION_LEVEL = 0;
				GCC_PREPROCESSOR_DEFINITIONS = (
					"DEBUG=1",
					"$(inherited)",
				);
				GCC_WARN_64_TO_32_BIT_CONVERSION = YES;
				GCC_WARN_ABOUT_RETURN_TYPE = YES_ERROR;
				GCC_WARN_UNDECLARED_SELECTOR = YES;
				GCC_WARN_UNINITIALIZED_AUTOS = YES_AGGRESSIVE;
				GCC_WARN_UNUSED_FUNCTION = YES;
				GCC_WARN_UNUSED_VARIABLE = YES;
				IPHONEOS_DEPLOYMENT_TARGET = 13.2;
				MTL_ENABLE_DEBUG_INFO = INCLUDE_SOURCE;
				MTL_FAST_MATH = YES;
				ONLY_ACTIVE_ARCH = YES;
				SDKROOT = iphoneos;
				SWIFT_ACTIVE_COMPILATION_CONDITIONS = DEBUG;
				SWIFT_OPTIMIZATION_LEVEL = "-Onone";
			};
			name = Debug;
		};
		B3500FB923E58CD600D0BF9D /* Release */ = {
			isa = XCBuildConfiguration;
			buildSettings = {
				ALWAYS_SEARCH_USER_PATHS = NO;
				CLANG_ANALYZER_NONNULL = YES;
				CLANG_ANALYZER_NUMBER_OBJECT_CONVERSION = YES_AGGRESSIVE;
				CLANG_CXX_LANGUAGE_STANDARD = "gnu++14";
				CLANG_CXX_LIBRARY = "libc++";
				CLANG_ENABLE_MODULES = YES;
				CLANG_ENABLE_OBJC_ARC = YES;
				CLANG_ENABLE_OBJC_WEAK = YES;
				CLANG_WARN_BLOCK_CAPTURE_AUTORELEASING = YES;
				CLANG_WARN_BOOL_CONVERSION = YES;
				CLANG_WARN_COMMA = YES;
				CLANG_WARN_CONSTANT_CONVERSION = YES;
				CLANG_WARN_DEPRECATED_OBJC_IMPLEMENTATIONS = YES;
				CLANG_WARN_DIRECT_OBJC_ISA_USAGE = YES_ERROR;
				CLANG_WARN_DOCUMENTATION_COMMENTS = YES;
				CLANG_WARN_EMPTY_BODY = YES;
				CLANG_WARN_ENUM_CONVERSION = YES;
				CLANG_WARN_INFINITE_RECURSION = YES;
				CLANG_WARN_INT_CONVERSION = YES;
				CLANG_WARN_NON_LITERAL_NULL_CONVERSION = YES;
				CLANG_WARN_OBJC_IMPLICIT_RETAIN_SELF = YES;
				CLANG_WARN_OBJC_LITERAL_CONVERSION = YES;
				CLANG_WARN_OBJC_ROOT_CLASS = YES_ERROR;
				CLANG_WARN_RANGE_LOOP_ANALYSIS = YES;
				CLANG_WARN_STRICT_PROTOTYPES = YES;
				CLANG_WARN_SUSPICIOUS_MOVE = YES;
				CLANG_WARN_UNGUARDED_AVAILABILITY = YES_AGGRESSIVE;
				CLANG_WARN_UNREACHABLE_CODE = YES;
				CLANG_WARN__DUPLICATE_METHOD_MATCH = YES;
				COPY_PHASE_STRIP = NO;
				DEBUG_INFORMATION_FORMAT = "dwarf-with-dsym";
				ENABLE_NS_ASSERTIONS = NO;
				ENABLE_STRICT_OBJC_MSGSEND = YES;
				GCC_C_LANGUAGE_STANDARD = gnu11;
				GCC_NO_COMMON_BLOCKS = YES;
				GCC_WARN_64_TO_32_BIT_CONVERSION = YES;
				GCC_WARN_ABOUT_RETURN_TYPE = YES_ERROR;
				GCC_WARN_UNDECLARED_SELECTOR = YES;
				GCC_WARN_UNINITIALIZED_AUTOS = YES_AGGRESSIVE;
				GCC_WARN_UNUSED_FUNCTION = YES;
				GCC_WARN_UNUSED_VARIABLE = YES;
				IPHONEOS_DEPLOYMENT_TARGET = 13.2;
				MTL_ENABLE_DEBUG_INFO = NO;
				MTL_FAST_MATH = YES;
				SDKROOT = iphoneos;
				SWIFT_COMPILATION_MODE = wholemodule;
				SWIFT_OPTIMIZATION_LEVEL = "-O";
				VALIDATE_PRODUCT = YES;
			};
			name = Release;
		};
		B3500FBB23E58CD600D0BF9D /* Debug */ = {
			isa = XCBuildConfiguration;
			buildSettings = {
				ASSETCATALOG_COMPILER_APPICON_NAME = AppIcon;
				CODE_SIGN_STYLE = Automatic;
				DEVELOPMENT_TEAM = 5V8RJEQVZK;
				INFOPLIST_FILE = RickAndMorty/Info.plist;
				LD_RUNPATH_SEARCH_PATHS = (
					"$(inherited)",
					"@executable_path/Frameworks",
				);
				PRODUCT_BUNDLE_IDENTIFIER = com.akar.RickAndMorty;
				PRODUCT_NAME = "$(TARGET_NAME)";
				SWIFT_VERSION = 5.0;
				TARGETED_DEVICE_FAMILY = "1,2";
			};
			name = Debug;
		};
		B3500FBC23E58CD600D0BF9D /* Release */ = {
			isa = XCBuildConfiguration;
			buildSettings = {
				ASSETCATALOG_COMPILER_APPICON_NAME = AppIcon;
				CODE_SIGN_STYLE = Automatic;
				DEVELOPMENT_TEAM = 5V8RJEQVZK;
				INFOPLIST_FILE = RickAndMorty/Info.plist;
				LD_RUNPATH_SEARCH_PATHS = (
					"$(inherited)",
					"@executable_path/Frameworks",
				);
				PRODUCT_BUNDLE_IDENTIFIER = com.akar.RickAndMorty;
				PRODUCT_NAME = "$(TARGET_NAME)";
				SWIFT_VERSION = 5.0;
				TARGETED_DEVICE_FAMILY = "1,2";
			};
			name = Release;
		};
/* End XCBuildConfiguration section */

/* Begin XCConfigurationList section */
		B3500FA123E58CD300D0BF9D /* Build configuration list for PBXProject "RickAndMorty" */ = {
			isa = XCConfigurationList;
			buildConfigurations = (
				B3500FB823E58CD600D0BF9D /* Debug */,
				B3500FB923E58CD600D0BF9D /* Release */,
			);
			defaultConfigurationIsVisible = 0;
			defaultConfigurationName = Release;
		};
		B3500FBA23E58CD600D0BF9D /* Build configuration list for PBXNativeTarget "RickAndMorty" */ = {
			isa = XCConfigurationList;
			buildConfigurations = (
				B3500FBB23E58CD600D0BF9D /* Debug */,
				B3500FBC23E58CD600D0BF9D /* Release */,
			);
			defaultConfigurationIsVisible = 0;
			defaultConfigurationName = Release;
		};
/* End XCConfigurationList section */
	};
	rootObject = B3500F9E23E58CD300D0BF9D /* Project object */;
}
